
Microsoft Visual Studio Solution File, Format Version 12.00
# Visual Studio 15
VisualStudioVersion = 15.0.27428.2043
MinimumVisualStudioVersion = 10.0.40219.1
Project("{FAE04EC0-301F-11D3-BF4B-00C04F79EFBC}") = "LongMVC", "LongMVC\LongMVC.csproj", "{068AA3E7-4E38-4514-BB85-7FB185F9FC52}"
EndProject
Project("{FAE04EC0-301F-11D3-BF4B-00C04F79EFBC}") = "testFeatures", "testFeatures\testFeatures.csproj", "{3AA879EE-0575-4637-A5EA-930D3F56C941}"
EndProject
Project("{FAE04EC0-301F-11D3-BF4B-00C04F79EFBC}") = "TestEF", "TestEF\TestEF.csproj", "{31DE6D2E-E7CB-4BC9-B708-9BDD747D3166}"
EndProject
Project("{FAE04EC0-301F-11D3-BF4B-00C04F79EFBC}") = "TestEF2", "TestEF2\TestEF2.csproj", "{DBF49632-AC19-45B8-A1FA-EED892E68548}"
EndProject
Project("{FAE04EC0-301F-11D3-BF4B-00C04F79EFBC}") = "TestEF3", "TestEF3\TestEF3.csproj", "{8D8E6396-D320-4932-B6A2-E90B29E062F0}"
EndProject
Global
	GlobalSection(SolutionConfigurationPlatforms) = preSolution
		Debug|Any CPU = Debug|Any CPU
		Release|Any CPU = Release|Any CPU
	EndGlobalSection
	GlobalSection(ProjectConfigurationPlatforms) = postSolution
		{068AA3E7-4E38-4514-BB85-7FB185F9FC52}.Debug|Any CPU.ActiveCfg = Debug|Any CPU
		{068AA3E7-4E38-4514-BB85-7FB185F9FC52}.Debug|Any CPU.Build.0 = Debug|Any CPU
		{068AA3E7-4E38-4514-BB85-7FB185F9FC52}.Release|Any CPU.ActiveCfg = Release|Any CPU
		{068AA3E7-4E38-4514-BB85-7FB185F9FC52}.Release|Any CPU.Build.0 = Release|Any CPU
		{3AA879EE-0575-4637-A5EA-930D3F56C941}.Debug|Any CPU.ActiveCfg = Debug|Any CPU
		{3AA879EE-0575-4637-A5EA-930D3F56C941}.Debug|Any CPU.Build.0 = Debug|Any CPU
		{3AA879EE-0575-4637-A5EA-930D3F56C941}.Release|Any CPU.ActiveCfg = Release|Any CPU
		{3AA879EE-0575-4637-A5EA-930D3F56C941}.Release|Any CPU.Build.0 = Release|Any CPU
		{31DE6D2E-E7CB-4BC9-B708-9BDD747D3166}.Debug|Any CPU.ActiveCfg = Debug|Any CPU
		{31DE6D2E-E7CB-4BC9-B708-9BDD747D3166}.Debug|Any CPU.Build.0 = Debug|Any CPU
		{31DE6D2E-E7CB-4BC9-B708-9BDD747D3166}.Release|Any CPU.ActiveCfg = Release|Any CPU
		{31DE6D2E-E7CB-4BC9-B708-9BDD747D3166}.Release|Any CPU.Build.0 = Release|Any CPU
		{DBF49632-AC19-45B8-A1FA-EED892E68548}.Debug|Any CPU.ActiveCfg = Debug|Any CPU
		{DBF49632-AC19-45B8-A1FA-EED892E68548}.Debug|Any CPU.Build.0 = Debug|Any CPU
		{DBF49632-AC19-45B8-A1FA-EED892E68548}.Release|Any CPU.ActiveCfg = Release|Any CPU
		{DBF49632-AC19-45B8-A1FA-EED892E68548}.Release|Any CPU.Build.0 = Release|Any CPU
		{8D8E6396-D320-4932-B6A2-E90B29E062F0}.Debug|Any CPU.ActiveCfg = Debug|Any CPU
		{8D8E6396-D320-4932-B6A2-E90B29E062F0}.Debug|Any CPU.Build.0 = Debug|Any CPU
		{8D8E6396-D320-4932-B6A2-E90B29E062F0}.Release|Any CPU.ActiveCfg = Release|Any CPU
		{8D8E6396-D320-4932-B6A2-E90B29E062F0}.Release|Any CPU.Build.0 = Release|Any CPU
	EndGlobalSection
	GlobalSection(SolutionProperties) = preSolution
		HideSolutionNode = FALSE
	EndGlobalSection
	GlobalSection(ExtensibilityGlobals) = postSolution
		SolutionGuid = {FD8BBE50-9416-4BCF-9902-4DAAF3FB9CB1}
	EndGlobalSection
EndGlobal
